
Microsoft Visual Studio Solution File, Format Version 12.00
# Visual Studio 15
VisualStudioVersion = 15.0.27130.2010
MinimumVisualStudioVersion = 10.0.40219.1
Project("{FAE04EC0-301F-11D3-BF4B-00C04F79EFBC}") = "BootstrapTest", "BootstrapTest\BootstrapTest.csproj", "{C652DB93-13E7-40E1-9D7B-5F5984039521}"
EndProject
Global
	GlobalSection(SolutionConfigurationPlatforms) = preSolution
		Debug|Any CPU = Debug|Any CPU
		Release|Any CPU = Release|Any CPU
	EndGlobalSection
	GlobalSection(ProjectConfigurationPlatforms) = postSolution
		{C652DB93-13E7-40E1-9D7B-5F5984039521}.Debug|Any CPU.ActiveCfg = Debug|Any CPU
		{C652DB93-13E7-40E1-9D7B-5F5984039521}.Debug|Any CPU.Build.0 = Debug|Any CPU
		{C652DB93-13E7-40E1-9D7B-5F5984039521}.Release|Any CPU.ActiveCfg = Release|Any CPU
		{C652DB93-13E7-40E1-9D7B-5F5984039521}.Release|Any CPU.Build.0 = Release|Any CPU
	EndGlobalSection
	GlobalSection(SolutionProperties) = preSolution
		HideSolutionNode = FALSE
	EndGlobalSection
	GlobalSection(ExtensibilityGlobals) = postSolution
		SolutionGuid = {229BAFF5-A7F4-4CFA-9098-986CDFDFA9AA}
	EndGlobalSection
EndGlobal
